
Microsoft Visual Studio Solution File, Format Version 12.00
# Visual Studio Version 17
VisualStudioVersion = 17.4.33122.133
MinimumVisualStudioVersion = 10.0.40219.1
Project("{FAE04EC0-301F-11D3-BF4B-00C04F79EFBC}") = "InClassroom", "InClassroom\InClassroom.csproj", "{55E98CD8-2B9C-4E01-A79D-4C49546EDA0A}"
EndProject
Global
	GlobalSection(SolutionConfigurationPlatforms) = preSolution
		Debug|Any CPU = Debug|Any CPU
		Release|Any CPU = Release|Any CPU
	EndGlobalSection
	GlobalSection(ProjectConfigurationPlatforms) = postSolution
		{55E98CD8-2B9C-4E01-A79D-4C49546EDA0A}.Debug|Any CPU.ActiveCfg = Debug|Any CPU
		{55E98CD8-2B9C-4E01-A79D-4C49546EDA0A}.Debug|Any CPU.Build.0 = Debug|Any CPU
		{55E98CD8-2B9C-4E01-A79D-4C49546EDA0A}.Release|Any CPU.ActiveCfg = Release|Any CPU
		{55E98CD8-2B9C-4E01-A79D-4C49546EDA0A}.Release|Any CPU.Build.0 = Release|Any CPU
	EndGlobalSection
	GlobalSection(SolutionProperties) = preSolution
		HideSolutionNode = FALSE
	EndGlobalSection
	GlobalSection(ExtensibilityGlobals) = postSolution
		SolutionGuid = {52E97CAD-7F3A-46BB-99A5-C9752C019633}
	EndGlobalSection
EndGlobal
